
Microsoft Visual Studio Solution File, Format Version 12.00
# Visual Studio Version 16
VisualStudioVersion = 16.0.33214.272
MinimumVisualStudioVersion = 10.0.40219.1
Project("{FAE04EC0-301F-11D3-BF4B-00C04F79EFBC}") = "ChatApp.API", "ChatApp.API.csproj", "{D9C34C1D-E489-4C1F-9FC4-549FAE22FE13}"
EndProject
Project("{FAE04EC0-301F-11D3-BF4B-00C04F79EFBC}") = "BusinessLogicLayer", "..\BusinessLogicLayer\BusinessLogicLayer.csproj", "{A3F8E804-0D0B-487B-A5B2-2A4CD5A83312}"
EndProject
Project("{FAE04EC0-301F-11D3-BF4B-00C04F79EFBC}") = "Shared.Global", "..\Shared.Global\Shared.Global.csproj", "{608CEDFE-E120-414B-82B2-8ACB55A28A99}"
EndProject
Project("{FAE04EC0-301F-11D3-BF4B-00C04F79EFBC}") = "DataAccessLayer", "..\DataAccessLayer\DataAccessLayer.csproj", "{5A8044FE-82B2-4C2F-881F-343B6DC5EA83}"
EndProject
Global
	GlobalSection(SolutionConfigurationPlatforms) = preSolution
		Debug|Any CPU = Debug|Any CPU
		Release|Any CPU = Release|Any CPU
	EndGlobalSection
	GlobalSection(ProjectConfigurationPlatforms) = postSolution
		{D9C34C1D-E489-4C1F-9FC4-549FAE22FE13}.Debug|Any CPU.ActiveCfg = Debug|Any CPU
		{D9C34C1D-E489-4C1F-9FC4-549FAE22FE13}.Debug|Any CPU.Build.0 = Debug|Any CPU
		{D9C34C1D-E489-4C1F-9FC4-549FAE22FE13}.Release|Any CPU.ActiveCfg = Release|Any CPU
		{D9C34C1D-E489-4C1F-9FC4-549FAE22FE13}.Release|Any CPU.Build.0 = Release|Any CPU
		{A3F8E804-0D0B-487B-A5B2-2A4CD5A83312}.Debug|Any CPU.ActiveCfg = Debug|Any CPU
		{A3F8E804-0D0B-487B-A5B2-2A4CD5A83312}.Debug|Any CPU.Build.0 = Debug|Any CPU
		{A3F8E804-0D0B-487B-A5B2-2A4CD5A83312}.Release|Any CPU.ActiveCfg = Release|Any CPU
		{A3F8E804-0D0B-487B-A5B2-2A4CD5A83312}.Release|Any CPU.Build.0 = Release|Any CPU
		{608CEDFE-E120-414B-82B2-8ACB55A28A99}.Debug|Any CPU.ActiveCfg = Debug|Any CPU
		{608CEDFE-E120-414B-82B2-8ACB55A28A99}.Debug|Any CPU.Build.0 = Debug|Any CPU
		{608CEDFE-E120-414B-82B2-8ACB55A28A99}.Release|Any CPU.ActiveCfg = Release|Any CPU
		{608CEDFE-E120-414B-82B2-8ACB55A28A99}.Release|Any CPU.Build.0 = Release|Any CPU
		{5A8044FE-82B2-4C2F-881F-343B6DC5EA83}.Debug|Any CPU.ActiveCfg = Debug|Any CPU
		{5A8044FE-82B2-4C2F-881F-343B6DC5EA83}.Debug|Any CPU.Build.0 = Debug|Any CPU
		{5A8044FE-82B2-4C2F-881F-343B6DC5EA83}.Release|Any CPU.ActiveCfg = Release|Any CPU
		{5A8044FE-82B2-4C2F-881F-343B6DC5EA83}.Release|Any CPU.Build.0 = Release|Any CPU
	EndGlobalSection
	GlobalSection(SolutionProperties) = preSolution
		HideSolutionNode = FALSE
	EndGlobalSection
	GlobalSection(ExtensibilityGlobals) = postSolution
		SolutionGuid = {D750B2A3-2139-4A54-ABF1-ED8DB82B7A19}
	EndGlobalSection
EndGlobal
